
Microsoft Visual Studio Solution File, Format Version 12.00
# Visual Studio 15
VisualStudioVersion = 15.0.28307.902
MinimumVisualStudioVersion = 10.0.40219.1
Project("{9A19103F-16F7-4668-BE54-9A1E7A4F7556}") = "SenderApplication", "SenderApplication\SenderApplication.csproj", "{B4ABC47D-3914-45DE-9C03-70E2FBA643EC}"
EndProject
Project("{9A19103F-16F7-4668-BE54-9A1E7A4F7556}") = "ReceiverApplication", "ReceiverApplication\ReceiverApplication.csproj", "{26CC47E2-A6F4-4646-B4DB-E9F97D27E9C3}"
EndProject
Project("{FAE04EC0-301F-11D3-BF4B-00C04F79EFBC}") = "ConsoleApp1", "ConsoleApp1\ConsoleApp1.csproj", "{6773635C-B7F1-4877-9DB5-AFC17AD879A0}"
EndProject
Global
	GlobalSection(SolutionConfigurationPlatforms) = preSolution
		Debug|Any CPU = Debug|Any CPU
		Release|Any CPU = Release|Any CPU
	EndGlobalSection
	GlobalSection(ProjectConfigurationPlatforms) = postSolution
		{B4ABC47D-3914-45DE-9C03-70E2FBA643EC}.Debug|Any CPU.ActiveCfg = Debug|Any CPU
		{B4ABC47D-3914-45DE-9C03-70E2FBA643EC}.Debug|Any CPU.Build.0 = Debug|Any CPU
		{B4ABC47D-3914-45DE-9C03-70E2FBA643EC}.Release|Any CPU.ActiveCfg = Release|Any CPU
		{B4ABC47D-3914-45DE-9C03-70E2FBA643EC}.Release|Any CPU.Build.0 = Release|Any CPU
		{26CC47E2-A6F4-4646-B4DB-E9F97D27E9C3}.Debug|Any CPU.ActiveCfg = Debug|Any CPU
		{26CC47E2-A6F4-4646-B4DB-E9F97D27E9C3}.Debug|Any CPU.Build.0 = Debug|Any CPU
		{26CC47E2-A6F4-4646-B4DB-E9F97D27E9C3}.Release|Any CPU.ActiveCfg = Release|Any CPU
		{26CC47E2-A6F4-4646-B4DB-E9F97D27E9C3}.Release|Any CPU.Build.0 = Release|Any CPU
		{6773635C-B7F1-4877-9DB5-AFC17AD879A0}.Debug|Any CPU.ActiveCfg = Debug|Any CPU
		{6773635C-B7F1-4877-9DB5-AFC17AD879A0}.Debug|Any CPU.Build.0 = Debug|Any CPU
		{6773635C-B7F1-4877-9DB5-AFC17AD879A0}.Release|Any CPU.ActiveCfg = Release|Any CPU
		{6773635C-B7F1-4877-9DB5-AFC17AD879A0}.Release|Any CPU.Build.0 = Release|Any CPU
	EndGlobalSection
	GlobalSection(SolutionProperties) = preSolution
		HideSolutionNode = FALSE
	EndGlobalSection
	GlobalSection(ExtensibilityGlobals) = postSolution
		SolutionGuid = {90DFFFEF-614E-4F77-9427-E593BB43BEF0}
	EndGlobalSection
EndGlobal
